
Microsoft Visual Studio Solution File, Format Version 12.00
# Visual Studio 15
VisualStudioVersion = 15.0.26124.0
MinimumVisualStudioVersion = 15.0.26124.0
Project("{FAE04EC0-301F-11D3-BF4B-00C04F79EFBC}") = "NotebookLibrary", "NotebookLibrary\NotebookLibrary.csproj", "{AEECE0DA-B554-46D1-A58F-99B09BEF49BD}"
EndProject
Project("{FAE04EC0-301F-11D3-BF4B-00C04F79EFBC}") = "NotebookTests", "NotebookTests\NotebookTests.csproj", "{CF9DFCBE-542D-4502-84E5-782FD5ED4165}"
EndProject
Global
	GlobalSection(SolutionConfigurationPlatforms) = preSolution
		Debug|Any CPU = Debug|Any CPU
		Debug|x64 = Debug|x64
		Debug|x86 = Debug|x86
		Release|Any CPU = Release|Any CPU
		Release|x64 = Release|x64
		Release|x86 = Release|x86
	EndGlobalSection
	GlobalSection(SolutionProperties) = preSolution
		HideSolutionNode = FALSE
	EndGlobalSection
	GlobalSection(ProjectConfigurationPlatforms) = postSolution
		{AEECE0DA-B554-46D1-A58F-99B09BEF49BD}.Debug|Any CPU.ActiveCfg = Debug|Any CPU
		{AEECE0DA-B554-46D1-A58F-99B09BEF49BD}.Debug|Any CPU.Build.0 = Debug|Any CPU
		{AEECE0DA-B554-46D1-A58F-99B09BEF49BD}.Debug|x64.ActiveCfg = Debug|Any CPU
		{AEECE0DA-B554-46D1-A58F-99B09BEF49BD}.Debug|x64.Build.0 = Debug|Any CPU
		{AEECE0DA-B554-46D1-A58F-99B09BEF49BD}.Debug|x86.ActiveCfg = Debug|Any CPU
		{AEECE0DA-B554-46D1-A58F-99B09BEF49BD}.Debug|x86.Build.0 = Debug|Any CPU
		{AEECE0DA-B554-46D1-A58F-99B09BEF49BD}.Release|Any CPU.ActiveCfg = Release|Any CPU
		{AEECE0DA-B554-46D1-A58F-99B09BEF49BD}.Release|Any CPU.Build.0 = Release|Any CPU
		{AEECE0DA-B554-46D1-A58F-99B09BEF49BD}.Release|x64.ActiveCfg = Release|Any CPU
		{AEECE0DA-B554-46D1-A58F-99B09BEF49BD}.Release|x64.Build.0 = Release|Any CPU
		{AEECE0DA-B554-46D1-A58F-99B09BEF49BD}.Release|x86.ActiveCfg = Release|Any CPU
		{AEECE0DA-B554-46D1-A58F-99B09BEF49BD}.Release|x86.Build.0 = Release|Any CPU
		{CF9DFCBE-542D-4502-84E5-782FD5ED4165}.Debug|Any CPU.ActiveCfg = Debug|Any CPU
		{CF9DFCBE-542D-4502-84E5-782FD5ED4165}.Debug|Any CPU.Build.0 = Debug|Any CPU
		{CF9DFCBE-542D-4502-84E5-782FD5ED4165}.Debug|x64.ActiveCfg = Debug|Any CPU
		{CF9DFCBE-542D-4502-84E5-782FD5ED4165}.Debug|x64.Build.0 = Debug|Any CPU
		{CF9DFCBE-542D-4502-84E5-782FD5ED4165}.Debug|x86.ActiveCfg = Debug|Any CPU
		{CF9DFCBE-542D-4502-84E5-782FD5ED4165}.Debug|x86.Build.0 = Debug|Any CPU
		{CF9DFCBE-542D-4502-84E5-782FD5ED4165}.Release|Any CPU.ActiveCfg = Release|Any CPU
		{CF9DFCBE-542D-4502-84E5-782FD5ED4165}.Release|Any CPU.Build.0 = Release|Any CPU
		{CF9DFCBE-542D-4502-84E5-782FD5ED4165}.Release|x64.ActiveCfg = Release|Any CPU
		{CF9DFCBE-542D-4502-84E5-782FD5ED4165}.Release|x64.Build.0 = Release|Any CPU
		{CF9DFCBE-542D-4502-84E5-782FD5ED4165}.Release|x86.ActiveCfg = Release|Any CPU
		{CF9DFCBE-542D-4502-84E5-782FD5ED4165}.Release|x86.Build.0 = Release|Any CPU
	EndGlobalSection
EndGlobal
